
Microsoft Visual Studio Solution File, Format Version 12.00
# Visual Studio Version 16
VisualStudioVersion = 16.0.33328.57
MinimumVisualStudioVersion = 10.0.40219.1
Project("{FAE04EC0-301F-11D3-BF4B-00C04F79EFBC}") = "dotnet_flow", "dotnet_flow\dotnet_flow.csproj", "{7B310175-5C05-47AE-9FD7-BA95B270946F}"
EndProject
Project("{FAE04EC0-301F-11D3-BF4B-00C04F79EFBC}") = "dotnet_flow_Tests", "dotnet_flow_Tests\dotnet_flow_Tests.csproj", "{4F822EE8-3779-4B70-BB5B-008B696029E8}"
EndProject
Global
	GlobalSection(SolutionConfigurationPlatforms) = preSolution
		Debug|Any CPU = Debug|Any CPU
		Release|Any CPU = Release|Any CPU
	EndGlobalSection
	GlobalSection(ProjectConfigurationPlatforms) = postSolution
		{7B310175-5C05-47AE-9FD7-BA95B270946F}.Debug|Any CPU.ActiveCfg = Debug|Any CPU
		{7B310175-5C05-47AE-9FD7-BA95B270946F}.Debug|Any CPU.Build.0 = Debug|Any CPU
		{7B310175-5C05-47AE-9FD7-BA95B270946F}.Release|Any CPU.ActiveCfg = Release|Any CPU
		{7B310175-5C05-47AE-9FD7-BA95B270946F}.Release|Any CPU.Build.0 = Release|Any CPU
		{4F822EE8-3779-4B70-BB5B-008B696029E8}.Debug|Any CPU.ActiveCfg = Debug|Any CPU
		{4F822EE8-3779-4B70-BB5B-008B696029E8}.Debug|Any CPU.Build.0 = Debug|Any CPU
		{4F822EE8-3779-4B70-BB5B-008B696029E8}.Release|Any CPU.ActiveCfg = Release|Any CPU
		{4F822EE8-3779-4B70-BB5B-008B696029E8}.Release|Any CPU.Build.0 = Release|Any CPU
	EndGlobalSection
	GlobalSection(SolutionProperties) = preSolution
		HideSolutionNode = FALSE
	EndGlobalSection
	GlobalSection(ExtensibilityGlobals) = postSolution
		SolutionGuid = {455DA4C3-772A-4E29-BDB7-917D22C4738C}
	EndGlobalSection
EndGlobal
